# @generated - this file is auto-generated by `mise lock` https://mise.jdx.dev/dev-tools/mise-lock.html

[[tools."go:sigs.k8s.io/cloud-provider-kind"]]
version = "0.11.1"
backend = "go:sigs.k8s.io/cloud-provider-kind"

[[tools.helm]]
version = "4.2.4"
backend = "aqua:helm/helm"

[[tools.kind]]
version = "0.33.0"
backend = "aqua:kubernetes-sigs/kind"

[tools.kind."platforms.linux-arm64"]
checksum = "sha256:20022bee6cfcd5086cb7234d218e3454e6090022f2a8f55d1fa7fcf42c3867a2"
url = "https://github.com/kubernetes-sigs/kind/releases/download/v0.33.0/kind-linux-arm64"
url_api = "https://api.github.com/repos/kubernetes-sigs/kind/releases/assets/531396478"

[tools.kind."platforms.linux-arm64-musl"]
checksum = "sha256:20022bee6cfcd5086cb7234d218e3454e6090022f2a8f55d1fa7fcf42c3867a2"
url = "https://github.com/kubernetes-sigs/kind/releases/download/v0.33.0/kind-linux-arm64"
url_api = "https://api.github.com/repos/kubernetes-sigs/kind/releases/assets/531396478"

[tools.kind."platforms.linux-x64"]
checksum = "sha256:aee6151561422756b764a4ae28e7f44cda5af5a9eead3cc9985112b1de8d8e0d"
url = "https://github.com/kubernetes-sigs/kind/releases/download/v0.33.0/kind-linux-amd64"
url_api = "https://api.github.com/repos/kubernetes-sigs/kind/releases/assets/531396433"

[tools.kind."platforms.linux-x64-musl"]
checksum = "sha256:aee6151561422756b764a4ae28e7f44cda5af5a9eead3cc9985112b1de8d8e0d"
url = "https://github.com/kubernetes-sigs/kind/releases/download/v0.33.0/kind-linux-amd64"
url_api = "https://api.github.com/repos/kubernetes-sigs/kind/releases/assets/531396433"

[tools.kind."platforms.macos-arm64"]
checksum = "sha256:0c8c7dbe5e23594a198b786c4bc13dacc101fa6196b0cb0b23a1ca44e61f4b4f"
url = "https://github.com/kubernetes-sigs/kind/releases/download/v0.33.0/kind-darwin-arm64"
url_api = "https://api.github.com/repos/kubernetes-sigs/kind/releases/assets/531396417"

[tools.kind."platforms.macos-x64"]
checksum = "sha256:5a99f26f57246dc9319dd294803313197a0f34d33c525b3ea8b655db5916ece0"
url = "https://github.com/kubernetes-sigs/kind/releases/download/v0.33.0/kind-darwin-amd64"
url_api = "https://api.github.com/repos/kubernetes-sigs/kind/releases/assets/531396367"

[tools.kind."platforms.windows-x64"]
checksum = "sha256:4b22adaa135368c5a465d56bbd8e520cbea87272a06ca00b6078e7b81515c9fc"
url = "https://github.com/kubernetes-sigs/kind/releases/download/v0.33.0/kind-windows-amd64"
url_api = "https://api.github.com/repos/kubernetes-sigs/kind/releases/assets/531396499"

[[tools.pitchfork]]
version = "2.23.0"
backend = "aqua:jdx/pitchfork"

[tools.pitchfork."platforms.linux-arm64"]
checksum = "sha256:f3917d35991bb5c1bcb9e0f40f21ade55c2b9d2a81c580e8035ea5cbf24d2820"
url = "https://github.com/jdx/pitchfork/releases/download/v2.23.0/pitchfork-aarch64-unknown-linux-gnu.tar.gz"
url_api = "https://api.github.com/repos/jdx/pitchfork/releases/assets/530648398"

[tools.pitchfork."platforms.linux-x64"]
checksum = "sha256:e2d932de87fbf1faeec38ea2b1534bedaf305938456f92fdd35cabeb17ea79ca"
url = "https://github.com/jdx/pitchfork/releases/download/v2.23.0/pitchfork-x86_64-unknown-linux-gnu.tar.gz"
url_api = "https://api.github.com/repos/jdx/pitchfork/releases/assets/530647237"

[tools.pitchfork."platforms.macos-arm64"]
checksum = "sha256:8e206fa6d8dc5032dd19ffd2847898b8b1bbd883a69a22c073aea782fef8c7a7"
url = "https://github.com/jdx/pitchfork/releases/download/v2.23.0/pitchfork-aarch64-apple-darwin.tar.gz"
url_api = "https://api.github.com/repos/jdx/pitchfork/releases/assets/530652428"

[tools.pitchfork."platforms.windows-x64"]
checksum = "sha256:f531f4c3449d757bb8e300a7b190dad40cc9aa9946612bfd10f28391a96c2711"
url = "https://github.com/jdx/pitchfork/releases/download/v2.23.0/pitchfork-x86_64-pc-windows-msvc.zip"
url_api = "https://api.github.com/repos/jdx/pitchfork/releases/assets/530657294"

[[tools.python]]
version = "3.14.7"
backend = "core:python"

[tools.python."platforms.linux-arm64"]
checksum = "sha256:7f0b801b0ba2c74531cd2e66ee898569cdf1f323a24383576f2a6761001e01f1"
url = "https://github.com/astral-sh/python-build-standalone/releases/download/20260825/cpython-3.14.7+20260825-aarch64-unknown-linux-gnu-install_only_stripped.tar.gz"
provenance = "github-attestations"

[tools.python."platforms.linux-arm64-musl"]
checksum = "sha256:8f58d8a42e8c6af84d43ba1c9e74e56ce2354b66ec44721b289f5a6c57811fc2"
url = "https://github.com/astral-sh/python-build-standalone/releases/download/20260825/cpython-3.14.7+20260825-aarch64-unknown-linux-musl-install_only_stripped.tar.gz"
provenance = "github-attestations"

[tools.python."platforms.linux-x64"]
checksum = "sha256:a0f39e822fd3b96a2605f30f954acf9a2cdf91faa1385a13e24bc407a41e05ea"
url = "https://github.com/astral-sh/python-build-standalone/releases/download/20260825/cpython-3.14.7+20260825-x86_64-unknown-linux-gnu-install_only_stripped.tar.gz"
provenance = "github-attestations"

[tools.python."platforms.linux-x64-musl"]
checksum = "sha256:22374158b61f9415135614fb7ebdba498a84849921bb5ad025809e925d8bb428"
url = "https://github.com/astral-sh/python-build-standalone/releases/download/20260825/cpython-3.14.7+20260825-x86_64-unknown-linux-musl-install_only_stripped.tar.gz"
provenance = "github-attestations"

[tools.python."platforms.macos-arm64"]
checksum = "sha256:17ecb3d29c49765856370cbb47d948a24ec518be40f607362c1bbb3ebbc5c442"
url = "https://github.com/astral-sh/python-build-standalone/releases/download/20260825/cpython-3.14.7+20260825-aarch64-apple-darwin-install_only_stripped.tar.gz"
provenance = "github-attestations"

[tools.python."platforms.macos-x64"]
checksum = "sha256:1b1e977f6d4fb887c7fa662a8e33f18dfdc9b9cdfaf5cdb003f13b3317947848"
url = "https://github.com/astral-sh/python-build-standalone/releases/download/20260825/cpython-3.14.7+20260825-x86_64-apple-darwin-install_only_stripped.tar.gz"
provenance = "github-attestations"

[tools.python."platforms.windows-x64"]
checksum = "sha256:dec3faa3445d9efc4979e6c74a839be0d1039877367db32ee9c5f6bc91fae3c8"
url = "https://github.com/astral-sh/python-build-standalone/releases/download/20260825/cpython-3.14.7+20260825-x86_64-pc-windows-msvc-install_only_stripped.tar.gz"
provenance = "github-attestations"

[[tools.uv]]
version = "0.12.6"
backend = "aqua:astral-sh/uv"

[tools.uv."platforms.linux-arm64"]
checksum = "sha256:3719891de9ab41c878a84331e55826d2a46421976a346a65326513a6795b089a"
url = "https://github.com/astral-sh/uv/releases/download/0.12.6/uv-aarch64-unknown-linux-musl.tar.gz"
url_api = "https://api.github.com/repos/astral-sh/uv/releases/assets/529690733"
provenance = "github-attestations"

[tools.uv."platforms.linux-arm64-musl"]
checksum = "sha256:3719891de9ab41c878a84331e55826d2a46421976a346a65326513a6795b089a"
url = "https://github.com/astral-sh/uv/releases/download/0.12.6/uv-aarch64-unknown-linux-musl.tar.gz"
url_api = "https://api.github.com/repos/astral-sh/uv/releases/assets/529690733"
provenance = "github-attestations"

[tools.uv."platforms.linux-x64"]
checksum = "sha256:14e4172aace66a475062cebec7ca04f497d5619e95325dfcc9e4447b9c516846"
url = "https://github.com/astral-sh/uv/releases/download/0.12.6/uv-x86_64-unknown-linux-musl.tar.gz"
url_api = "https://api.github.com/repos/astral-sh/uv/releases/assets/529690844"
provenance = "github-attestations"

[tools.uv."platforms.linux-x64-musl"]
checksum = "sha256:14e4172aace66a475062cebec7ca04f497d5619e95325dfcc9e4447b9c516846"
url = "https://github.com/astral-sh/uv/releases/download/0.12.6/uv-x86_64-unknown-linux-musl.tar.gz"
url_api = "https://api.github.com/repos/astral-sh/uv/releases/assets/529690844"
provenance = "github-attestations"

[tools.uv."platforms.macos-arm64"]
checksum = "sha256:14b459d51ea2e71eeba28c45a268c922bdf8607fc6455e3f40b4e082895d160d"
url = "https://github.com/astral-sh/uv/releases/download/0.12.6/uv-aarch64-apple-darwin.tar.gz"
url_api = "https://api.github.com/repos/astral-sh/uv/releases/assets/529690707"
provenance = "github-attestations"

[tools.uv."platforms.macos-x64"]
checksum = "sha256:2a26ea71bbeff1c7e12c2cc40245c96a041deff276bc921e7038e304d5d3e04c"
url = "https://github.com/astral-sh/uv/releases/download/0.12.6/uv-x86_64-apple-darwin.tar.gz"
url_api = "https://api.github.com/repos/astral-sh/uv/releases/assets/529690817"
provenance = "github-attestations"

[tools.uv."platforms.windows-x64"]
checksum = "sha256:df7cb9f243eae1621400d4fcf5b1b3d90f20e264ece91b64deb3b0078abca6ef"
url = "https://github.com/astral-sh/uv/releases/download/0.12.6/uv-x86_64-pc-windows-msvc.zip"
url_api = "https://api.github.com/repos/astral-sh/uv/releases/assets/529690826"
provenance = "github-attestations"
